
Microsoft Visual Studio Solution File, Format Version 12.00
# Visual Studio Version 17
VisualStudioVersion = 17.0.32112.339
MinimumVisualStudioVersion = 10.0.40219.1
Project("{FAE04EC0-301F-11D3-BF4B-00C04F79EFBC}") = "CryptoCurrencyWallet", "CryptoCurrencyWallet\CryptoCurrencyWallet.csproj", "{DEE66929-4CB8-4BA8-BD36-0AA1BB2183D6}"
EndProject
Global
	GlobalSection(SolutionConfigurationPlatforms) = preSolution
		Debug|Any CPU = Debug|Any CPU
		Release|Any CPU = Release|Any CPU
	EndGlobalSection
	GlobalSection(ProjectConfigurationPlatforms) = postSolution
		{DEE66929-4CB8-4BA8-BD36-0AA1BB2183D6}.Debug|Any CPU.ActiveCfg = Debug|Any CPU
		{DEE66929-4CB8-4BA8-BD36-0AA1BB2183D6}.Debug|Any CPU.Build.0 = Debug|Any CPU
		{DEE66929-4CB8-4BA8-BD36-0AA1BB2183D6}.Release|Any CPU.ActiveCfg = Release|Any CPU
		{DEE66929-4CB8-4BA8-BD36-0AA1BB2183D6}.Release|Any CPU.Build.0 = Release|Any CPU
	EndGlobalSection
	GlobalSection(SolutionProperties) = preSolution
		HideSolutionNode = FALSE
	EndGlobalSection
	GlobalSection(ExtensibilityGlobals) = postSolution
		SolutionGuid = {1818C75E-DD46-4DCE-B93E-4925C5C005C0}
	EndGlobalSection
EndGlobal
